
Microsoft Visual Studio Solution File, Format Version 12.00
# Visual Studio 2012
Project("{FAE04EC0-301F-11D3-BF4B-00C04F79EFBC}") = "ClearString", "ClearString\ClearString.csproj", "{B402863F-E015-4482-A44A-FF525E383716}"
EndProject
Global
	GlobalSection(SolutionConfigurationPlatforms) = preSolution
		Debug|Any CPU = Debug|Any CPU
		Release|Any CPU = Release|Any CPU
	EndGlobalSection
	GlobalSection(ProjectConfigurationPlatforms) = postSolution
		{B402863F-E015-4482-A44A-FF525E383716}.Debug|Any CPU.ActiveCfg = Debug|Any CPU
		{B402863F-E015-4482-A44A-FF525E383716}.Debug|Any CPU.Build.0 = Debug|Any CPU
		{B402863F-E015-4482-A44A-FF525E383716}.Release|Any CPU.ActiveCfg = Release|Any CPU
		{B402863F-E015-4482-A44A-FF525E383716}.Release|Any CPU.Build.0 = Release|Any CPU
	EndGlobalSection
	GlobalSection(SolutionProperties) = preSolution
		HideSolutionNode = FALSE
	EndGlobalSection
EndGlobal
